<?xml version="1.0" encoding="utf-8"?>
<Project ToolsVersion="4.0" xmlns="http://schemas.microsoft.com/developer/msbuild/2003">
  <ItemGroup>
    <Filter Include="Header Files">
      <UniqueIdentifier>{93995380-89BD-4b04-88EB-625FBE52EBFB}</UniqueIdentifier>
      <Extensions>h;hh;hpp;hxx;h++;hm;inl;inc;ipp;xsd</Extensions>
    </Filter>
    <Filter Include="Source Files">
      <UniqueIdentifier>{4FC737F1-C7A5-4376-A066-2A32D752A2FF}</UniqueIdentifier>
      <Extensions>cpp;c;cc;cxx;c++;cppm;ixx;def;odl;idl;hpj;bat;asm;asmx</Extensions>
    </Filter>
    <Filter Include="IFeature">
      <UniqueIdentifier>{0d5515bc-9b5a-4d33-a918-989059c29e08}</UniqueIdentifier>
    </Filter>
    <Filter Include="Config">
      <UniqueIdentifier>{eb352600-7864-4906-a7f8-b065f137cc80}</UniqueIdentifier>
    </Filter>
    <Filter Include="NVNGX">
      <UniqueIdentifier>{5942b1ae-09d7-4444-8936-97ee514249b0}</UniqueIdentifier>
    </Filter>
    <Filter Include="XeSS">
      <UniqueIdentifier>{5b727ebe-fcfc-4b50-b956-8b7ba3456954}</UniqueIdentifier>
    </Filter>
    <Filter Include="Util">
      <UniqueIdentifier>{8cf642d0-7481-41f8-b96f-f3ecfdd50752}</UniqueIdentifier>
    </Filter>
    <Filter Include="Other">
      <UniqueIdentifier>{3ee7ea7b-4d96-4a1f-aa88-8dd4c5d506ee}</UniqueIdentifier>
    </Filter>
  </ItemGroup>
  <ItemGroup>
    <ClInclude Include="Config.h">
      <Filter>Config</Filter>
    </ClInclude>
    <ClInclude Include="Util.h">
      <Filter>Util</Filter>
    </ClInclude>
    <ClInclude Include="pch.h">
      <Filter>Other</Filter>
    </ClInclude>
    <ClInclude Include="upscalers\fsr2\FSR2Feature.h">
      <Filter>Header Files</Filter>
    </ClInclude>
    <ClInclude Include="upscalers\fsr2\FSR2Feature_Dx11.h">
      <Filter>Header Files</Filter>
    </ClInclude>
    <ClInclude Include="upscalers\fsr2\FSR2Feature_Dx11On12.h">
      <Filter>Header Files</Filter>
    </ClInclude>
    <ClInclude Include="upscalers\fsr2\FSR2Feature_Dx12.h">
      <Filter>Header Files</Filter>
    </ClInclude>
    <ClInclude Include="upscalers\fsr2\FSR2Feature_Vk.h">
      <Filter>Header Files</Filter>
    </ClInclude>
    <ClInclude Include="upscalers\IFeature_Dx11.h">
      <Filter>Header Files</Filter>
    </ClInclude>
    <ClInclude Include="upscalers\IFeature_Dx12.h">
      <Filter>Header Files</Filter>
    </ClInclude>
    <ClInclude Include="upscalers\IFeature.h">
      <Filter>Header Files</Filter>
    </ClInclude>
    <ClInclude Include="upscalers\IFeature_Vk.h">
      <Filter>Header Files</Filter>
    </ClInclude>
    <ClInclude Include="upscalers\xess\XeSSFeature_Dx11.h">
      <Filter>Header Files</Filter>
    </ClInclude>
    <ClInclude Include="upscalers\fsr2_212\FSR2Feature_212.h">
      <Filter>Header Files</Filter>
    </ClInclude>
    <ClInclude Include="upscalers\fsr2_212\FSR2Feature_Dx11On12_212.h">
      <Filter>Header Files</Filter>
    </ClInclude>
    <ClInclude Include="upscalers\fsr2_212\FSR2Feature_Dx12_212.h">
      <Filter>Header Files</Filter>
    </ClInclude>
    <ClInclude Include="upscalers\fsr2_212\FSR2Feature_Vk_212.h">
      <Filter>Header Files</Filter>
    </ClInclude>
    <ClInclude Include="detours\detours.h">
      <Filter>Header Files</Filter>
    </ClInclude>
    <ClInclude Include="Logger.h">
      <Filter>Header Files</Filter>
    </ClInclude>
    <ClInclude Include="BuildInfo.h">
      <Filter>Header Files</Filter>
    </ClInclude>
    <ClInclude Include="resource.h">
      <Filter>Header Files</Filter>
    </ClInclude>
    <ClInclude Include="upscalers\dlss\DLSSFeature.h">
      <Filter>Header Files</Filter>
    </ClInclude>
    <ClInclude Include="upscalers\dlss\DLSSFeature_Dx12.h">
      <Filter>Header Files</Filter>
    </ClInclude>
    <ClInclude Include="upscalers\dlss\DLSSFeature_Dx11.h">
      <Filter>Header Files</Filter>
    </ClInclude>
    <ClInclude Include="nvapi\external\nvapi.h">
      <Filter>Header Files</Filter>
    </ClInclude>
    <ClInclude Include="upscalers\dlss\DLSSFeature_Vk.h">
      <Filter>Header Files</Filter>
    </ClInclude>
    <ClInclude Include="rcas\RCAS_Dx12.h">
      <Filter>Header Files</Filter>
    </ClInclude>
    <ClInclude Include="rcas\RCAS_Common.h">
      <Filter>Header Files</Filter>
    </ClInclude>
    <ClInclude Include="dllmain.h">
      <Filter>Header Files</Filter>
    </ClInclude>
    <ClInclude Include="proxies\NVNGX_Proxy.h">
      <Filter>Header Files</Filter>
    </ClInclude>
    <ClInclude Include="upscalers\dlssd\DLSSDFeature.h">
      <Filter>Header Files</Filter>
    </ClInclude>
    <ClInclude Include="upscalers\dlssd\DLSSDFeature_Dx11.h">
      <Filter>Header Files</Filter>
    </ClInclude>
    <ClInclude Include="upscalers\dlssd\DLSSDFeature_Dx12.h">
      <Filter>Header Files</Filter>
    </ClInclude>
    <ClInclude Include="upscalers\dlssd\DLSSDFeature_Vk.h">
      <Filter>Header Files</Filter>
    </ClInclude>
    <ClInclude Include="upscalers\fsr31\FSR31Feature.h">
      <Filter>Header Files</Filter>
    </ClInclude>
    <ClInclude Include="rcas\precompile\RCAS_Shader.h">
      <Filter>Header Files</Filter>
    </ClInclude>
    <ClInclude Include="rcas\RCAS_Dx11.h">
      <Filter>Header Files</Filter>
    </ClInclude>
    <ClInclude Include="output_scaling\OS_Dx11.h">
      <Filter>Header Files</Filter>
    </ClInclude>
    <ClInclude Include="upscalers\fsr31\FSR31Feature_Dx11.h">
      <Filter>Header Files</Filter>
    </ClInclude>
    <ClInclude Include="proxies\FfxApi_Proxy.h">
      <Filter>Header Files</Filter>
    </ClInclude>
    <ClInclude Include="hooks\Vulkan_Hooks.h">
      <Filter>Header Files</Filter>
    </ClInclude>
    <ClInclude Include="wrapped\wrapped_swapchain.h">
      <Filter>Header Files</Filter>
    </ClInclude>
    <ClInclude Include="proxies\XeSS_Proxy.h">
      <Filter>Header Files</Filter>
    </ClInclude>
    <ClInclude Include="nvapi\fakenvapi.h">
      <Filter>Header Files</Filter>
    </ClInclude>
    <ClInclude Include="hooks\Reflex_Hooks.h">
      <Filter>Header Files</Filter>
    </ClInclude>
    <ClInclude Include="nvapi\NvApiHooks.h">
      <Filter>Header Files</Filter>
    </ClInclude>
    <ClInclude Include="nvapi\NvApiTypes.h">
      <Filter>Header Files</Filter>
    </ClInclude>
    <ClInclude Include="inputs\FfxApi_Dx12.h">
      <Filter>Header Files</Filter>
    </ClInclude>
    <ClInclude Include="inputs\FSR2_Dx12.h">
      <Filter>Header Files</Filter>
    </ClInclude>
    <ClInclude Include="inputs\FSR3_Dx12.h">
      <Filter>Header Files</Filter>
    </ClInclude>
    <ClInclude Include="scanner\scanner.h">
      <Filter>Header Files</Filter>
    </ClInclude>
    <ClInclude Include="State.h">
      <Filter>Config</Filter>
    </ClInclude>
    <ClInclude Include="shaders\bias\Bias_Common.h">
      <Filter>Header Files</Filter>
    </ClInclude>
    <ClInclude Include="shaders\bias\Bias_Dx11.h">
      <Filter>Header Files</Filter>
    </ClInclude>
    <ClInclude Include="shaders\bias\Bias_Dx12.h">
      <Filter>Header Files</Filter>
    </ClInclude>
    <ClInclude Include="shaders\bias\precompile\Bias_Shader.h">
      <Filter>Header Files</Filter>
    </ClInclude>
    <ClInclude Include="shaders\bias\precompile\Bias_Shader_Dx11.h">
      <Filter>Header Files</Filter>
    </ClInclude>
    <ClInclude Include="shaders\format_transfer\FT_Common.h">
      <Filter>Header Files</Filter>
    </ClInclude>
    <ClInclude Include="shaders\format_transfer\FT_Dx12.h">
      <Filter>Header Files</Filter>
    </ClInclude>
    <ClInclude Include="shaders\output_scaling\fsr1\FSR_EASU_Shader.h">
      <Filter>Header Files</Filter>
    </ClInclude>
    <ClInclude Include="shaders\output_scaling\fsr1\FSR_EASU_Shader_Dx11.h">
      <Filter>Header Files</Filter>
    </ClInclude>
    <ClInclude Include="shaders\output_scaling\OS_Common.h">
      <Filter>Header Files</Filter>
    </ClInclude>
    <ClInclude Include="shaders\output_scaling\OS_Dx11.h">
      <Filter>Header Files</Filter>
    </ClInclude>
    <ClInclude Include="shaders\output_scaling\OS_Dx12.h">
      <Filter>Header Files</Filter>
    </ClInclude>
    <ClInclude Include="shaders\output_scaling\precompile\bcds_bicubic_Shader.h">
      <Filter>Header Files</Filter>
    </ClInclude>
    <ClInclude Include="shaders\output_scaling\precompile\bcds_bicubic_Shader_Dx11.h">
      <Filter>Header Files</Filter>
    </ClInclude>
    <ClInclude Include="shaders\output_scaling\precompile\bcds_catmull_Shader.h">
      <Filter>Header Files</Filter>
    </ClInclude>
    <ClInclude Include="shaders\output_scaling\precompile\bcds_catmull_Shader_Dx11.h">
      <Filter>Header Files</Filter>
    </ClInclude>
    <ClInclude Include="shaders\output_scaling\precompile\bcds_magc_Shader.h">
      <Filter>Header Files</Filter>
    </ClInclude>
    <ClInclude Include="shaders\output_scaling\precompile\bcds_magc_Shader_Dx11.h">
      <Filter>Header Files</Filter>
    </ClInclude>
    <ClInclude Include="shaders\output_scaling\precompile\BCUS_Shader.h">
      <Filter>Header Files</Filter>
    </ClInclude>
    <ClInclude Include="shaders\output_scaling\precompile\BCUS_Shader_Dx11.h">
      <Filter>Header Files</Filter>
    </ClInclude>
    <ClInclude Include="shaders\rcas\RCAS_Common.h">
      <Filter>Header Files</Filter>
    </ClInclude>
    <ClInclude Include="shaders\rcas\RCAS_Dx11.h">
      <Filter>Header Files</Filter>
    </ClInclude>
    <ClInclude Include="shaders\rcas\RCAS_Dx12.h">
      <Filter>Header Files</Filter>
    </ClInclude>
    <ClInclude Include="include\imgui\imgui.h">
      <Filter>Header Files</Filter>
    </ClInclude>
    <ClInclude Include="include\imgui\imgui_internal.h">
      <Filter>Header Files</Filter>
    </ClInclude>
    <ClInclude Include="include\imgui\imconfig.h">
      <Filter>Header Files</Filter>
    </ClInclude>
    <ClInclude Include="include\imgui\imstb_rectpack.h">
      <Filter>Header Files</Filter>
    </ClInclude>
    <ClInclude Include="include\imgui\imstb_textedit.h">
      <Filter>Header Files</Filter>
    </ClInclude>
    <ClInclude Include="include\imgui\imstb_truetype.h">
      <Filter>Header Files</Filter>
    </ClInclude>
    <ClInclude Include="include\imgui\misc\freetype\imgui_freetype.h">
      <Filter>Header Files</Filter>
    </ClInclude>
    <ClInclude Include="menu\font\Hack_Compressed.h">
      <Filter>Header Files</Filter>
    </ClInclude>
    <ClInclude Include="menu\menu_dx_base.h">
      <Filter>Header Files</Filter>
    </ClInclude>
    <ClInclude Include="menu\menu_common.h">
      <Filter>Header Files</Filter>
    </ClInclude>
    <ClInclude Include="menu\menu_dx11.h">
      <Filter>Header Files</Filter>
    </ClInclude>
    <ClInclude Include="menu\menu_dx12.h">
      <Filter>Header Files</Filter>
    </ClInclude>
    <ClInclude Include="menu\menu_overlay_base.h">
      <Filter>Header Files</Filter>
    </ClInclude>
    <ClInclude Include="menu\menu_overlay_dx.h">
      <Filter>Header Files</Filter>
    </ClInclude>
    <ClInclude Include="menu\menu_overlay_vk.h">
      <Filter>Header Files</Filter>
    </ClInclude>
    <ClInclude Include="OwnedMutex.h">
      <Filter>Header Files</Filter>
    </ClInclude>
    <ClInclude Include="shaders\depth_scale\DS_Common.h">
      <Filter>Header Files</Filter>
    </ClInclude>
    <ClInclude Include="shaders\depth_scale\DS_Dx12.h">
      <Filter>Header Files</Filter>
    </ClInclude>
    <ClInclude Include="shaders\depth_scale\precompiled\DS_Shader.h">
      <Filter>Header Files</Filter>
    </ClInclude>
    <ClInclude Include="misc\FrameLimit.h">
      <Filter>Header Files</Filter>
    </ClInclude>
    <ClInclude Include="inputs\FfxApi_Vk.h">
      <Filter>Header Files</Filter>
    </ClInclude>
    <ClInclude Include="inputs\NVNGX_DLSS.h">
      <Filter>Header Files</Filter>
    </ClInclude>
    <ClInclude Include="inputs\FfxApiExe_Dx12.h">
      <Filter>Header Files</Filter>
    </ClInclude>
    <ClInclude Include="inputs\XeSS_Base.h">
      <Filter>Header Files</Filter>
    </ClInclude>
    <ClInclude Include="inputs\XeSS_Common.h">
      <Filter>Header Files</Filter>
    </ClInclude>
    <ClInclude Include="inputs\XeSS_Dbg.h">
      <Filter>Header Files</Filter>
    </ClInclude>
    <ClInclude Include="inputs\XeSS_Dx12.h">
      <Filter>Header Files</Filter>
    </ClInclude>
    <ClInclude Include="inputs\XeSS_Proxy.h">
      <Filter>Header Files</Filter>
    </ClInclude>
    <ClInclude Include="inputs\XeSS_Vulkan.h">
      <Filter>Header Files</Filter>
    </ClInclude>
    <ClInclude Include="version_check.h">
      <Filter>Header Files</Filter>
    </ClInclude>
    <ClInclude Include="upscalers\xess\XeSSFeature_Dx11on12.h">
      <Filter>Header Files</Filter>
    </ClInclude>
    <ClInclude Include="upscalers\xess\XeSSFeature_Vk.h">
      <Filter>Header Files</Filter>
    </ClInclude>
    <ClInclude Include="proxies\Kernel32_Proxy.h">
      <Filter>Header Files</Filter>
    </ClInclude>
    <ClInclude Include="proxies\KernelBase_Proxy.h">
      <Filter>Header Files</Filter>
    </ClInclude>
    <ClInclude Include="hooks\Kernel_Hooks.h">
      <Filter>Header Files</Filter>
    </ClInclude>
    <ClInclude Include="DllNames.h">
      <Filter>Header Files</Filter>
    </ClInclude>
    <ClInclude Include="proxies\D3D12_Proxy.h">
      <Filter>Header Files</Filter>
    </ClInclude>
    <ClInclude Include="proxies\Dxgi_Proxy.h">
      <Filter>Header Files</Filter>
    </ClInclude>
    <ClInclude Include="exports\shared.h">
      <Filter>Header Files</Filter>
    </ClInclude>
    <ClInclude Include="exports\wininet.h">
      <Filter>Header Files</Filter>
    </ClInclude>
    <ClInclude Include="exports\version.h">
      <Filter>Header Files</Filter>
    </ClInclude>
    <ClInclude Include="exports\winhttp.h">
      <Filter>Header Files</Filter>
    </ClInclude>
    <ClInclude Include="exports\winmm.h">
      <Filter>Header Files</Filter>
    </ClInclude>
    <ClInclude Include="exports\dbghelp.h">
      <Filter>Header Files</Filter>
    </ClInclude>
    <ClInclude Include="exports\dxgi.h">
      <Filter>Header Files</Filter>
    </ClInclude>
    <ClInclude Include="exports\d3d12.h">
      <Filter>Header Files</Filter>
    </ClInclude>
    <ClInclude Include="exports\exports.h">
      <Filter>Header Files</Filter>
    </ClInclude>
    <ClInclude Include="spoofing\Dxgi_Spoofing.h">
      <Filter>Header Files</Filter>
    </ClInclude>
    <ClInclude Include="spoofing\Vulkan_Spoofing.h">
      <Filter>Header Files</Filter>
    </ClInclude>
    <ClInclude Include="framegen\ffx\FSRFG_Dx12.h">
      <Filter>Header Files</Filter>
    </ClInclude>
    <ClInclude Include="framegen\IFGFeature.h">
      <Filter>Header Files</Filter>
    </ClInclude>
    <ClInclude Include="framegen\IFGFeature_Dx12.h">
      <Filter>Header Files</Filter>
    </ClInclude>
    <ClInclude Include="hudfix\Hudfix_Dx11.h">
      <Filter>Header Files</Filter>
    </ClInclude>
    <ClInclude Include="hudfix\Hudfix_Dx12.h">
      <Filter>Header Files</Filter>
    </ClInclude>
    <ClInclude Include="resource_tracking\ResTrack_dx11.h">
      <Filter>Header Files</Filter>
    </ClInclude>
    <ClInclude Include="resource_tracking\ResTrack_dx12.h">
      <Filter>Header Files</Filter>
    </ClInclude>
    <ClInclude Include="shaders\depth_transfer\DT_Common.h">
      <Filter>Header Files</Filter>
    </ClInclude>
    <ClInclude Include="shaders\depth_transfer\DT_Dx11.h">
      <Filter>Header Files</Filter>
    </ClInclude>
    <ClInclude Include="shaders\depth_transfer\precompile\dt_Shader_Dx11.h">
      <Filter>Header Files</Filter>
    </ClInclude>
    <ClInclude Include="shaders\resource_flip\RF_Common.h">
      <Filter>Header Files</Filter>
    </ClInclude>
    <ClInclude Include="shaders\resource_flip\RF_Dx12.h">
      <Filter>Header Files</Filter>
    </ClInclude>
    <ClInclude Include="shaders\resource_flip\precompiled\RF_Shader.h">
      <Filter>Header Files</Filter>
    </ClInclude>
    <ClInclude Include="include\imgui\imgui_impl_dx11.h">
      <Filter>Header Files</Filter>
    </ClInclude>
    <ClInclude Include="include\imgui\imgui_impl_dx12.h">
      <Filter>Header Files</Filter>
    </ClInclude>
    <ClInclude Include="include\imgui\imgui_impl_uwp.h">
      <Filter>Header Files</Filter>
    </ClInclude>
    <ClInclude Include="include\imgui\imgui_impl_vulkan.h">
      <Filter>Header Files</Filter>
    </ClInclude>
    <ClInclude Include="include\imgui\imgui_impl_win32.h">
      <Filter>Header Files</Filter>
    </ClInclude>
    <ClInclude Include="hooks\Gdi32_Hooks.h">
      <Filter>Header Files</Filter>
    </ClInclude>
    <ClInclude Include="hooks\Advapi32_Hooks.h">
      <Filter>Header Files</Filter>
    </ClInclude>
    <ClInclude Include="hooks\Crypt32_Hooks.h">
      <Filter>Header Files</Filter>
    </ClInclude>
    <ClInclude Include="hooks\Wintrust_Hooks.h">
      <Filter>Header Files</Filter>
    </ClInclude>
    <ClInclude Include="hooks\Streamline_Hooks.h">
      <Filter>Header Files</Filter>
    </ClInclude>
    <ClInclude Include="proxies\IGDExt_Proxy.h">
      <Filter>Header Files</Filter>
    </ClInclude>
    <ClInclude Include="include\sl.param\parameters.h">
      <Filter>Header Files</Filter>
    </ClInclude>
    <ClInclude Include="misc\Quirks.h">
      <Filter>Header Files</Filter>
    </ClInclude>
    <ClInclude Include="hooks\Ntdll_Hooks.h">
      <Filter>Header Files</Filter>
    </ClInclude>
    <ClInclude Include="shaders\hudless_compare\HC_Common.h">
      <Filter>Header Files</Filter>
    </ClInclude>
    <ClInclude Include="shaders\hudless_compare\HC_Dx12.h">
      <Filter>Header Files</Filter>
    </ClInclude>
    <ClInclude Include="shaders\hudless_compare\precompile\hudless_compare_PShader.h">
      <Filter>Header Files</Filter>
    </ClInclude>
    <ClInclude Include="shaders\hudless_compare\precompile\hudless_compare_VShader.h">
      <Filter>Header Files</Filter>
    </ClInclude>
    <ClInclude Include="inputs\FG\Streamline_Inputs_Dx12.h">
      <Filter>Header Files</Filter>
    </ClInclude>
    <ClInclude Include="framegen\xefg\XeFG_Dx12.h">
      <Filter>Header Files</Filter>
    </ClInclude>
    <ClInclude Include="hooks\Ntdll_Hooks.h">
      <Filter>Header Files</Filter>
    </ClInclude>
    <ClInclude Include="proxies\XeFG_Proxy.h">
      <Filter>Header Files</Filter>
    </ClInclude>
    <ClInclude Include="proxies\XeFGUnlock.h">
      <Filter>Header Files</Filter>
    </ClInclude>
    <ClInclude Include="proxies\XeFGPacing.h">
      <Filter>Header Files</Filter>
    </ClInclude>
    <ClInclude Include="proxies\XeLLUnLock.h">
      <Filter>Header Files</Filter>
    </ClInclude>
    <ClInclude Include="proxies\XeLL_Proxy.h">
      <Filter>Header Files</Filter>
    </ClInclude>
    <ClInclude Include="shaders\hudless_compare\HC_Common.h">
      <Filter>Header Files</Filter>
    </ClInclude>
    <ClInclude Include="shaders\hudless_compare\HC_Dx12.h">
      <Filter>Header Files</Filter>
    </ClInclude>
    <ClInclude Include="shaders\hudless_compare\precompile\hudless_compare_PShader.h">
      <Filter>Header Files</Filter>
    </ClInclude>
    <ClInclude Include="shaders\hudless_compare\precompile\hudless_compare_VShader.h">
      <Filter>Header Files</Filter>
    </ClInclude>
    <ClInclude Include="inputs\FG\FfxApi_Dx12_FG.h">
      <Filter>Header Files</Filter>
    </ClInclude>
    <ClInclude Include="fsr4\FSR4ModelSelection.h">
      <Filter>Header Files</Filter>
    </ClInclude>
    <ClInclude Include="inputs\FG\FSR3_Dx12_FG.h">
      <Filter>Header Files</Filter>
    </ClInclude>
    <ClInclude Include="inputs\FG\Upscaler_Inputs_Dx12.h">
      <Filter>Header Files</Filter>
    </ClInclude>
    <ClInclude Include="upscalers\FeatureProvider_Dx11.h">
      <Filter>Header Files</Filter>
    </ClInclude>
    <ClInclude Include="upscalers\FeatureProvider_Dx12.h">
      <Filter>Header Files</Filter>
    </ClInclude>
    <ClInclude Include="upscalers\FeatureProvider_Vk.h">
      <Filter>Header Files</Filter>
    </ClInclude>
    <ClInclude Include="include\spdlog_sink\debug_sink.h">
      <Filter>Header Files</Filter>
    </ClInclude>
    <ClInclude Include="hooks\Ntdll_Hooks.h">
      <Filter>Header Files</Filter>
    </ClInclude>
    <ClInclude Include="proxies\Ntdll_Proxy.h">
      <Filter>Header Files</Filter>
    </ClInclude>
    <ClInclude Include="wrapped\wrapped_factory.h">
      <Filter>Header Files</Filter>
    </ClInclude>
    <ClInclude Include="hooks\FG_Hooks.h">
      <Filter>Header Files</Filter>
    </ClInclude>
    <ClInclude Include="hooks\Dxgi_Hooks.h">
      <Filter>Header Files</Filter>
    </ClInclude>
    <ClInclude Include="hooks\D3D12_Hooks.h">
      <Filter>Header Files</Filter>
    </ClInclude>
    <ClInclude Include="hooks\D3D11_Hooks.h">
      <Filter>Header Files</Filter>
    </ClInclude>
    <ClInclude Include="upscaler_time\UpscalerTime_Vk.h">
      <Filter>Header Files</Filter>
    </ClInclude>
    <ClInclude Include="hooks\DxgiFactory_WrappedCalls.h">
      <Filter>Header Files</Filter>
    </ClInclude>
    <ClInclude Include="hooks\DxgiFactory_Hooks.h">
      <Filter>Header Files</Filter>
    </ClInclude>
    <ClInclude Include="hooks\LibraryLoad_Hooks.h">
      <Filter>Header Files</Filter>
    </ClInclude>
    <ClInclude Include="shaders\depth_invert\DI_Common.h">
      <Filter>Header Files</Filter>
    </ClInclude>
    <ClInclude Include="shaders\depth_invert\DI_Dx12.h">
      <Filter>Header Files</Filter>
    </ClInclude>
    <ClInclude Include="shaders\depth_invert\precompiled\DI_Shader.h">
      <Filter>Header Files</Filter>
    </ClInclude>
    <ClInclude Include="shaders\Shader_Dx12Utils.h">
      <Filter>Header Files</Filter>
    </ClInclude>
    <ClInclude Include="shaders\Shader_Dx12.h">
      <Filter>Header Files</Filter>
    </ClInclude>
    <ClInclude Include="shaders\format_transfer\precompile\FT_Shader.h">
      <Filter>Header Files</Filter>
    </ClInclude>
    <ClInclude Include="inputs\FSR2_Dx11.h">
      <Filter>Header Files</Filter>
    </ClInclude>
    <ClInclude Include="inputs\FSR2_Vk.h">
      <Filter>Header Files</Filter>
    </ClInclude>
    <ClInclude Include="inputs\XeSS_Dx11.h">
      <Filter>Header Files</Filter>
    </ClInclude>
    <ClInclude Include="shaders\Shader_Vk.h">
      <Filter>Header Files</Filter>
    </ClInclude>
    <ClInclude Include="shaders\Shader_VkUtils.h">
      <Filter>Header Files</Filter>
    </ClInclude>
    <ClInclude Include="shaders\rcas\RCAS_Vk.h">
      <Filter>Header Files</Filter>
    </ClInclude>
    <ClInclude Include="shaders\output_scaling\fsr1\FSR_EASU_Shader_Vk.h">
      <Filter>Header Files</Filter>
    </ClInclude>
    <ClInclude Include="shaders\output_scaling\OS_Vk.h">
      <Filter>Header Files</Filter>
    </ClInclude>
    <ClInclude Include="shaders\output_scaling\fsr1\ffx_fsr1.h">
      <Filter>Header Files</Filter>
    </ClInclude>
    <ClInclude Include="SysUtils.h">
      <Filter>Header Files</Filter>
    </ClInclude>
    <ClInclude Include="upscalers\xess\XeSSFeature.h">
      <Filter>Header Files</Filter>
    </ClInclude>
    <ClInclude Include="upscalers\xess\XeSSFeature_Dx12.h">
      <Filter>Header Files</Filter>
    </ClInclude>
    <ClInclude Include="upscalers\IFeature_Dx11wDx12.h">
      <Filter>Source Files</Filter>
    </ClInclude>
    <ClInclude Include="upscalers\IFeature_VkwDx12.h">
      <Filter>Header Files</Filter>
    </ClInclude>
    <ClInclude Include="shaders\depth_transfer\precompile\dt_Shader_Vk.h">
      <Filter>Header Files</Filter>
    </ClInclude>
    <ClInclude Include="shaders\depth_transfer\DT_Vk.h">
      <Filter>Header Files</Filter>
    </ClInclude>
    <ClInclude Include="shaders\resource_copy\RC_Vk.h">
      <Filter>Header Files</Filter>
    </ClInclude>
    <ClInclude Include="shaders\resource_copy\precompile\rc_Shader_Vk.h">
      <Filter>Header Files</Filter>
    </ClInclude>
    <ClInclude Include="shaders\depth_transfer\precompile\dt_int_Shader_Vk.h">
      <Filter>Header Files</Filter>
    </ClInclude>
    <ClInclude Include="upscalers\fsr2_212\FSR2Feature_VkOnDx12_212.h">
      <Filter>Header Files</Filter>
    </ClInclude>
    <ClInclude Include="hooks\CommandBuffer_StateTracker.h">
      <Filter>Header Files</Filter>
    </ClInclude>
    <ClInclude Include="hooks\VulkanwDx12_Hooks.h">
      <Filter>Header Files</Filter>
    </ClInclude>
    <ClInclude Include="shaders\hud_copy\HudCopy_Common.h">
      <Filter>Header Files</Filter>
    </ClInclude>
    <ClInclude Include="shaders\hud_copy\HudCopy_Dx12.h">
      <Filter>Header Files</Filter>
    </ClInclude>
    <ClInclude Include="MathUtils.h">
      <Filter>Header Files</Filter>
    </ClInclude>
    <ClInclude Include="shaders\output_scaling\precompile\bcds_bicubic_Shader_Vk.h">
      <Filter>Header Files</Filter>
    </ClInclude>
    <ClInclude Include="shaders\output_scaling\precompile\bcds_catmull_Shader_Vk.h">
      <Filter>Header Files</Filter>
    </ClInclude>
    <ClInclude Include="shaders\output_scaling\precompile\bcds_magc_Shader_Vk.h">
      <Filter>Header Files</Filter>
    </ClInclude>
    <ClInclude Include="shaders\output_scaling\precompile\bcus_Shader_Vk.h">
      <Filter>Header Files</Filter>
    </ClInclude>
    <ClInclude Include="shaders\render_ui\precompile\render_ui_VShader.h">
      <Filter>Header Files</Filter>
    </ClInclude>
    <ClInclude Include="shaders\render_ui\precompile\render_ui_PShader.h">
      <Filter>Header Files</Filter>
    </ClInclude>
    <ClInclude Include="shaders\render_ui\precompile\render_ui_pm_VShader.h">
      <Filter>Header Files</Filter>
    </ClInclude>
    <ClInclude Include="shaders\render_ui\precompile\render_ui_pm_PShader.h">
      <Filter>Header Files</Filter>
    </ClInclude>
    <ClInclude Include="shaders\render_ui\RUI_Common.h">
      <Filter>Header Files</Filter>
    </ClInclude>
    <ClInclude Include="shaders\render_ui\RUI_Dx12.h">
      <Filter>Header Files</Filter>
    </ClInclude>
    <ClInclude Include="OptiTypes.h">
      <Filter>Header Files</Filter>
    </ClInclude>
    <ClInclude Include="shaders\output_scaling\precompile\bcds_kaiser2_Shader.h">
      <Filter>Header Files</Filter>
    </ClInclude>
    <ClInclude Include="shaders\output_scaling\precompile\bcds_kaiser2_Shader_Dx11.h">
      <Filter>Header Files</Filter>
    </ClInclude>
    <ClInclude Include="shaders\output_scaling\precompile\bcds_kaiser2_Shader_Vk.h">
      <Filter>Header Files</Filter>
    </ClInclude>
    <ClInclude Include="shaders\output_scaling\precompile\bcds_kaiser3_Shader.h">
      <Filter>Header Files</Filter>
    </ClInclude>
    <ClInclude Include="shaders\output_scaling\precompile\bcds_kaiser3_Shader_Dx11.h">
      <Filter>Header Files</Filter>
    </ClInclude>
    <ClInclude Include="shaders\output_scaling\precompile\bcds_kaiser3_Shader_Vk.h">
      <Filter>Header Files</Filter>
    </ClInclude>
    <ClInclude Include="shaders\output_scaling\precompile\bcds_lanczos2_Shader.h">
      <Filter>Header Files</Filter>
    </ClInclude>
    <ClInclude Include="shaders\output_scaling\precompile\bcds_lanczos2_Shader_Dx11.h">
      <Filter>Header Files</Filter>
    </ClInclude>
    <ClInclude Include="shaders\output_scaling\precompile\bcds_lanczos2_Shader_Vk.h">
      <Filter>Header Files</Filter>
    </ClInclude>
    <ClInclude Include="shaders\output_scaling\precompile\bcds_lanczos3_Shader.h">
      <Filter>Header Files</Filter>
    </ClInclude>
    <ClInclude Include="shaders\output_scaling\precompile\bcds_lanczos3_Shader_Dx11.h">
      <Filter>Header Files</Filter>
    </ClInclude>
    <ClInclude Include="shaders\output_scaling\precompile\bcds_lanczos3_Shader_Vk.h">
      <Filter>Header Files</Filter>
    </ClInclude>
    <ClInclude Include="spoofing\User32_Spoofing.h">
      <Filter>Header Files</Filter>
    </ClInclude>
    <ClInclude Include="nvapi\fakenvapi\log.h">
      <Filter>Header Files</Filter>
    </ClInclude>
    <ClInclude Include="nvapi\fakenvapi\low_latency.h">
      <Filter>Header Files</Filter>
    </ClInclude>
    <ClInclude Include="low_latency\low_latency_tech\ll_antilag2.h">
      <Filter>Header Files</Filter>
    </ClInclude>
    <ClInclude Include="low_latency\low_latency_tech\ll_antilag_vk.h">
      <Filter>Header Files</Filter>
    </ClInclude>
    <ClInclude Include="low_latency\low_latency_tech\ll_latencyflex.h">
      <Filter>Header Files</Filter>
    </ClInclude>
    <ClInclude Include="low_latency\low_latency_tech\ll_xell.h">
      <Filter>Header Files</Filter>
    </ClInclude>
    <ClInclude Include="low_latency\low_latency_tech\low_latency_tech.h">
      <Filter>Header Files</Filter>
    </ClInclude>
    <ClInclude Include="nvapi\fakenvapi\nvapi_calls.h">
      <Filter>Header Files</Filter>
    </ClInclude>
    <ClInclude Include="low_latency\ll_util.h">
      <Filter>Header Files</Filter>
    </ClInclude>
    <ClInclude Include="hooks\Xell_Hooks.h">
      <Filter>Header Files</Filter>
    </ClInclude>
    <ClInclude Include="misc\IdentifyGpu.h">
      <Filter>Header Files</Filter>
    </ClInclude>
    <ClInclude Include="shaders\hud_copy\precompile\HudCopy_Shader.h">
      <Filter>Header Files</Filter>
    </ClInclude>
    <ClInclude Include="proxies\Streamline_Proxy.h">
      <Filter>Header Files</Filter>
    </ClInclude>
    <ClInclude Include="dlssnr\DlssNr_Exposure.h"><Filter>Header Files</Filter></ClInclude>
    <ClInclude Include="gpu_time\Vitals.h"><Filter>Header Files</Filter></ClInclude>
    <ClInclude Include="framegen\dlssg\MfgUnlock.h">
      <Filter>framegen</Filter>
    </ClInclude>
    <ClInclude Include="framegen\dlssg\Kcd2Hdr.h">
      <Filter>framegen</Filter>
    </ClInclude>
    <ClInclude Include="framegen\dlssg\MfgUnlockFlip.h">
      <Filter>framegen</Filter>
    </ClInclude>
    <ClInclude Include="framegen\dlssg\MfgUnlockMethod.h">
      <Filter>framegen</Filter>
    </ClInclude>
    <ClInclude Include="framegen\dlssg\MfgUnlockPlugin.h">
      <Filter>framegen</Filter>
    </ClInclude>
    <ClInclude Include="framegen\dlssg\MfgUnlockProvider.h">
      <Filter>framegen</Filter>
    </ClInclude>
    <ClInclude Include="framegen\dlssg\MfgUnlockPtx.h">
      <Filter>framegen</Filter>
    </ClInclude>
    <ClInclude Include="framegen\dlssg\DLSSG_Dx12.h">
      <Filter>Header Files</Filter>
    </ClInclude>
    <ClInclude Include="shaders\hud_copy\precompile\HudCopy_Shader.h">
      <Filter>Header Files</Filter>
    </ClInclude>
    <ClInclude Include="hooks\Hook_Utils.h">
      <Filter>Header Files</Filter>
    </ClInclude>
    <ClInclude Include="framegen\nvngx\Nvngx_FG.h">
      <Filter>Header Files</Filter>
    </ClInclude>
    <ClInclude Include="NVNGX_Parameter.h">
      <Filter>Header Files</Filter>
    </ClInclude>
    <ClInclude Include="upscalers\ffx\FFXFeature_VkOn12.h">
      <Filter>Header Files</Filter>
    </ClInclude>
    <ClInclude Include="upscalers\ffx\FFXFeature.h">
      <Filter>Header Files</Filter>
    </ClInclude>
    <ClInclude Include="upscalers\ffx\FFXFeature_Dx11On12.h">
      <Filter>Header Files</Filter>
    </ClInclude>
    <ClInclude Include="upscalers\ffx\FFXFeature_Dx12.h">
      <Filter>Header Files</Filter>
    </ClInclude>
    <ClInclude Include="upscalers\ffx\FFXFeature_Vk.h">
      <Filter>Header Files</Filter>
    </ClInclude>
    <ClInclude Include="shaders\Shader_Common.h">
      <Filter>Header Files</Filter>
    </ClInclude>
    <ClInclude Include="shaders\hudless_compare_compute\HCC_Common.h">
      <Filter>Header Files</Filter>
    </ClInclude>
    <ClInclude Include="shaders\hudless_compare_compute\HCC_Dx12.h">
      <Filter>Header Files</Filter>
    </ClInclude>
    <ClInclude Include="hooks\Amdxc64_Hooks.h">
      <Filter>Header Files</Filter>
    </ClInclude>
    <ClInclude Include="fsr4\FSR4Upgrade.h">
      <Filter>Header Files</Filter>
    </ClInclude>
    <ClInclude Include="low_latency\input\input_antilag2.h">
      <Filter>Header Files</Filter>
    </ClInclude>
    <ClInclude Include="low_latency\input\input_xell.h">
      <Filter>Header Files</Filter>
    </ClInclude>
    <ClInclude Include="low_latency\input\input_reflex.h">
      <Filter>Header Files</Filter>
    </ClInclude>
    <ClInclude Include="shaders\rcas\precompile\da_das_sharpen_Shader.h">
      <Filter>Header Files</Filter>
    </ClInclude>
    <ClInclude Include="shaders\rcas\precompile\da_das_sharpen_Shader_Dx11.h">
      <Filter>Header Files</Filter>
    </ClInclude>
    <ClInclude Include="shaders\rcas\precompile\da_das_sharpen_Shader_Vk.h">
      <Filter>Header Files</Filter>
    </ClInclude>
    <ClInclude Include="shaders\rcas\precompile\da_rcas_sharpen_Shader.h">
      <Filter>Header Files</Filter>
    </ClInclude>
    <ClInclude Include="shaders\rcas\precompile\da_rcas_sharpen_Shader_Vk.h">
      <Filter>Header Files</Filter>
    </ClInclude>
    <ClInclude Include="shaders\rcas\precompile\da_rcas_sharpen_Shader_Dx11.h">
      <Filter>Header Files</Filter>
    </ClInclude>
    <ClInclude Include="shaders\rcas\precompile\RCAS_Shader.h">
      <Filter>Header Files</Filter>
    </ClInclude>
    <ClInclude Include="shaders\rcas\precompile\RCAS_Shader_Dx11.h">
      <Filter>Header Files</Filter>
    </ClInclude>
    <ClInclude Include="shaders\rcas\precompile\RCAS_Shader_Vk.h">
      <Filter>Header Files</Filter>
    </ClInclude>
    <ClInclude Include="shaders\rcas\shaders\DA_DAS_Shader.h">
      <Filter>Header Files</Filter>
    </ClInclude>
    <ClInclude Include="shaders\rcas\shaders\DA_RCAS_Shader.h">
      <Filter>Header Files</Filter>
    </ClInclude>
    <ClInclude Include="shaders\rcas\shaders\RCAS_Shader.h">
      <Filter>Header Files</Filter>
    </ClInclude>
    <ClInclude Include="low_latency\input\input_common.h">
      <Filter>Header Files</Filter>
    </ClInclude>
    <ClInclude Include="menu\input\input_system.h">
      <Filter>Header Files</Filter>
    </ClInclude>
    <ClInclude Include="menu\input\input_system_internal.h">
      <Filter>Header Files</Filter>
    </ClInclude>
    <ClInclude Include="inputs\FG\Streamline_Inputs_Sl1_Dx12.h">
      <Filter>Header Files</Filter>
    </ClInclude>
    <ClInclude Include="include\device_info\device_info.hpp">
      <Filter>Header Files</Filter>
    </ClInclude>
    <ClInclude Include="low_latency\input\input_uell.h">
      <Filter>Header Files</Filter>
    </ClInclude>
    <ClInclude Include="with_dx12\dx11_with_dx12.h">
      <Filter>Header Files</Filter>
    </ClInclude>
    <ClInclude Include="with_dx12\with_dx12.h">
      <Filter>Header Files</Filter>
    </ClInclude>
    <ClInclude Include="dlssnr\DlssNr_FinishedPictureBridge_Dx11.h">
      <Filter>Header Files</Filter>
    </ClInclude>
    <ClInclude Include="shaders\magnifier\Magnifier_Common.h">
      <Filter>Header Files</Filter>
    </ClInclude>
    <ClInclude Include="shaders\magnifier\Magnifier_Dx12.h">
      <Filter>Header Files</Filter>
    </ClInclude>
    <ClInclude Include="low_latency\input\input_uell.h">
      <Filter>Header Files</Filter>
    </ClInclude>
    <ClInclude Include="with_dx12\dx11_with_dx12.h">
      <Filter>Header Files</Filter>
    </ClInclude>
    <ClInclude Include="with_dx12\with_dx12.h">
      <Filter>Header Files</Filter>
    </ClInclude>
    <ClInclude Include="with_dx12\dx11_with_dx12_sc.h">
      <Filter>Header Files</Filter>
    </ClInclude>
    <ClInclude Include="misc\HiddenWindow.h">
      <Filter>Header Files</Filter>
    </ClInclude>
    <ClInclude Include="inputs\FG\Upscaler_Inputs_Dx11wDx12.h">
      <Filter>Header Files</Filter>
    </ClInclude>
    <ClInclude Include="framegen\nvngx\Nvngx_FFX.h">
      <Filter>Header Files</Filter>
    </ClInclude>
    <ClInclude Include="framegen\nvngx\IFGNvngx.h">
      <Filter>Header Files</Filter>
    </ClInclude>
    <ClInclude Include="framegen\nvngx\Nvngx_Nukems.h">
      <Filter>Header Files</Filter>
    </ClInclude>
    <ClInclude Include="framegen\nvngx\Nvngx_DllProxy.h">
      <Filter>Header Files</Filter>
    </ClInclude>
    <ClInclude Include="framegen\nvngx\Nvngx_Arturs.h">
      <Filter>Header Files</Filter>
    </ClInclude>
    <ClInclude Include="framegen\nvngx\Nvngx_Combo.h">
      <Filter>Header Files</Filter>
    </ClInclude>
    <ClInclude Include="misc\SkipSpoof.h">
      <Filter>Header Files</Filter>
    </ClInclude>
    <ClInclude Include="shaders\Shader_Dx11.h">
      <Filter>Header Files</Filter>
    </ClInclude>
    <ClInclude Include="shaders\magnifier\Magnifier_Dx11.h">
      <Filter>Header Files</Filter>
    </ClInclude>
    <ClInclude Include="gpu_time\GpuTime_Dx12.h">
      <Filter>Header Files</Filter>
    </ClInclude>
    <ClInclude Include="gpu_time\GpuTime_Dx11.h">
      <Filter>Header Files</Filter>
    </ClInclude>
    <ClInclude Include="shaders\magnifier\Magnifier_Vk.h">
      <Filter>Header Files</Filter>
    </ClInclude>
    <ClInclude Include="shaders\magnifier\precompile\Magnifier_Shader_Vk.h">
      <Filter>Header Files</Filter>
    </ClInclude>
    <ClInclude Include="framegen\reprojection\Reprojection_Dx12.h">
      <Filter>Header Files</Filter>
    </ClInclude>
    <ClInclude Include="framegen\reprojection\InputCollection.h">
      <Filter>Header Files</Filter>
    </ClInclude>
    <ClInclude Include="shaders\reproject\Reproject_Common.h">
      <Filter>Header Files</Filter>
    </ClInclude>
    <ClInclude Include="shaders\reproject\Reproject_Dx12.h">
      <Filter>Header Files</Filter>
    </ClInclude>
    <ClInclude Include="framegen\reprojection\RawInputHook.h">
      <Filter>Header Files</Filter>
    </ClInclude>
    <ClInclude Include="shaders\hud_copy\HudCopy_Vk.h">
      <Filter>Header Files</Filter>
    </ClInclude>
    <ClInclude Include="shaders\hud_copy\precompile\HudCopy_Shader_Vk.h">
      <Filter>Header Files</Filter>
    </ClInclude>
  </ItemGroup>
  <ItemGroup>
    <ClCompile Include="Config.cpp">
      <Filter>Config</Filter>
    </ClCompile>
    <ClCompile Include="BuildInfo.cpp">
      <Filter>Source Files</Filter>
    </ClCompile>
    <ClCompile Include="dllmain.cpp" />
    <ClCompile Include="Util.cpp">
      <Filter>Util</Filter>
    </ClCompile>
    <ClCompile Include="version_check.cpp">
      <Filter>Source Files</Filter>
    </ClCompile>
    <ClCompile Include="inputs\NVNGX_DLSS_Dx12.cpp">
      <Filter>Source Files</Filter>
    </ClCompile>
    <ClCompile Include="inputs\NVNGX_DLSS_Dx11.cpp">
      <Filter>Source Files</Filter>
    </ClCompile>
    <ClCompile Include="inputs\NVNGX_DLSS_Vk.cpp">
      <Filter>Source Files</Filter>
    </ClCompile>
    <ClCompile Include="upscalers\fsr2\FSR2Feature.cpp">
      <Filter>Source Files</Filter>
    </ClCompile>
    <ClCompile Include="upscalers\fsr2\FSR2Feature_Dx11.cpp">
      <Filter>Source Files</Filter>
    </ClCompile>
    <ClCompile Include="upscalers\fsr2\FSR2Feature_Dx11On12.cpp">
      <Filter>Source Files</Filter>
    </ClCompile>
    <ClCompile Include="upscalers\fsr2\FSR2Feature_Dx12.cpp">
      <Filter>Source Files</Filter>
    </ClCompile>
    <ClCompile Include="upscalers\fsr2\FSR2Feature_Vk.cpp">
      <Filter>Source Files</Filter>
    </ClCompile>
    <ClCompile Include="upscalers\IFeature.cpp">
      <Filter>Source Files</Filter>
    </ClCompile>
    <ClCompile Include="upscalers\IFeature_Dx12.cpp">
      <Filter>Source Files</Filter>
    </ClCompile>
    <ClCompile Include="upscalers\xess\XeSSFeature.cpp">
      <Filter>Source Files</Filter>
    </ClCompile>
    <ClCompile Include="upscalers\xess\XeSSFeature_Dx11.cpp">
      <Filter>Source Files</Filter>
    </ClCompile>
    <ClCompile Include="upscalers\xess\XeSSFeature_Dx12.cpp">
      <Filter>Source Files</Filter>
    </ClCompile>
    <ClCompile Include="upscalers\fsr2_212\FSR2Feature_212.cpp">
      <Filter>Source Files</Filter>
    </ClCompile>
    <ClCompile Include="upscalers\fsr2_212\FSR2Feature_Dx11On12_212.cpp">
      <Filter>Source Files</Filter>
    </ClCompile>
    <ClCompile Include="upscalers\fsr2_212\FSR2Feature_Dx12_212.cpp">
      <Filter>Source Files</Filter>
    </ClCompile>
    <ClCompile Include="upscalers\fsr2_212\FSR2Feature_Vk_212.cpp">
      <Filter>Source Files</Filter>
    </ClCompile>
    <ClCompile Include="upscalers\IFeature_Dx11wDx12.cpp">
      <Filter>Source Files</Filter>
    </ClCompile>
    <ClCompile Include="upscalers\IFeature_Dx11.cpp">
      <Filter>Source Files</Filter>
    </ClCompile>
    <ClCompile Include="Logger.cpp">
      <Filter>Source Files</Filter>
    </ClCompile>
    <ClCompile Include="upscalers\dlss\DLSSFeature.cpp">
      <Filter>Source Files</Filter>
    </ClCompile>
    <ClCompile Include="upscalers\dlss\DLSSFeature_Dx12.cpp">
      <Filter>Source Files</Filter>
    </ClCompile>
    <ClCompile Include="upscalers\dlss\DLSSFeature_Dx11.cpp">
      <Filter>Source Files</Filter>
    </ClCompile>
    <ClCompile Include="upscalers\dlss\DLSSFeature_Vk.cpp">
      <Filter>Source Files</Filter>
    </ClCompile>
    <ClCompile Include="inputs\NVNGX.cpp">
      <Filter>Source Files</Filter>
    </ClCompile>
    <ClCompile Include="upscalers\dlssd\DLSSDFeature.cpp">
      <Filter>Source Files</Filter>
    </ClCompile>
    <ClCompile Include="upscalers\dlssd\DLSSDFeature_Dx11.cpp">
      <Filter>Source Files</Filter>
    </ClCompile>
    <ClCompile Include="upscalers\dlssd\DLSSDFeature_Dx12.cpp">
      <Filter>Source Files</Filter>
    </ClCompile>
    <ClCompile Include="upscalers\dlssd\DLSSDFeature_Vk.cpp">
      <Filter>Source Files</Filter>
    </ClCompile>
    <ClCompile Include="upscalers\fsr31\FSR31Feature.cpp">
      <Filter>Source Files</Filter>
    </ClCompile>
    <ClCompile Include="upscalers\fsr31\FSR31Feature_Dx11.cpp">
      <Filter>Source Files</Filter>
    </ClCompile>
    <ClCompile Include="inputs\XeSS_Debug.cpp">
      <Filter>Source Files</Filter>
    </ClCompile>
    <ClCompile Include="inputs\XeSS_Dx12.cpp">
      <Filter>Source Files</Filter>
    </ClCompile>
    <ClCompile Include="hooks\Vulkan_Hooks.cpp">
      <Filter>Source Files</Filter>
    </ClCompile>
    <ClCompile Include="wrapped\wrapped_swapchain.cpp">
      <Filter>Source Files</Filter>
    </ClCompile>
    <ClCompile Include="inputs\FfxApi_Dx12.cpp">
      <Filter>Source Files</Filter>
    </ClCompile>
    <ClCompile Include="inputs\FSR2_Dx12.cpp">
      <Filter>Source Files</Filter>
    </ClCompile>
    <ClCompile Include="inputs\FSR3_Dx12.cpp">
      <Filter>Source Files</Filter>
    </ClCompile>
    <ClCompile Include="scanner\scanner.cpp">
      <Filter>Source Files</Filter>
    </ClCompile>
    <ClCompile Include="shaders\bias\Bias_Dx11.cpp">
      <Filter>Source Files</Filter>
    </ClCompile>
    <ClCompile Include="shaders\bias\Bias_Dx12.cpp">
      <Filter>Source Files</Filter>
    </ClCompile>
    <ClCompile Include="shaders\format_transfer\FT_Dx12.cpp">
      <Filter>Source Files</Filter>
    </ClCompile>
    <ClCompile Include="shaders\output_scaling\OS_Dx11.cpp">
      <Filter>Source Files</Filter>
    </ClCompile>
    <ClCompile Include="shaders\output_scaling\OS_Dx12.cpp">
      <Filter>Source Files</Filter>
    </ClCompile>
    <ClCompile Include="shaders\rcas\RCAS_Dx11.cpp">
      <Filter>Source Files</Filter>
    </ClCompile>
    <ClCompile Include="shaders\rcas\RCAS_Dx12.cpp">
      <Filter>Source Files</Filter>
    </ClCompile>
    <ClCompile Include="include\imgui\imgui.cpp">
      <Filter>Source Files</Filter>
    </ClCompile>
    <ClCompile Include="include\imgui\imgui_widgets.cpp">
      <Filter>Source Files</Filter>
    </ClCompile>
    <ClCompile Include="include\imgui\imgui_tables.cpp">
      <Filter>Source Files</Filter>
    </ClCompile>
    <ClCompile Include="include\imgui\misc\freetype\imgui_freetype.cpp">
      <Filter>Source Files</Filter>
    </ClCompile>
    <ClCompile Include="include\imgui\imgui_draw.cpp">
      <Filter>Source Files</Filter>
    </ClCompile>
    <ClCompile Include="menu\menu_common.cpp">
      <Filter>Source Files</Filter>
    </ClCompile>
    <ClCompile Include="menu\menu_dx_base.cpp">
      <Filter>Source Files</Filter>
    </ClCompile>
    <ClCompile Include="menu\menu_dx11.cpp">
      <Filter>Source Files</Filter>
    </ClCompile>
    <ClCompile Include="menu\menu_dx12.cpp">
      <Filter>Source Files</Filter>
    </ClCompile>
    <ClCompile Include="menu\menu_overlay_base.cpp">
      <Filter>Source Files</Filter>
    </ClCompile>
    <ClCompile Include="menu\menu_overlay_dx.cpp">
      <Filter>Source Files</Filter>
    </ClCompile>
    <ClCompile Include="menu\menu_overlay_vk.cpp">
      <Filter>Source Files</Filter>
    </ClCompile>
    <ClCompile Include="shaders\depth_scale\DS_Dx12.cpp">
      <Filter>Source Files</Filter>
    </ClCompile>
    <ClCompile Include="misc\FrameLimit.cpp">
      <Filter>Source Files</Filter>
    </ClCompile>
    <ClCompile Include="hooks\Reflex_Hooks.cpp">
      <Filter>Source Files</Filter>
    </ClCompile>
    <ClCompile Include="nvapi\NvApiTypes.cpp">
      <Filter>Source Files</Filter>
    </ClCompile>
    <ClCompile Include="nvapi\fakenvapi.cpp">
      <Filter>Source Files</Filter>
    </ClCompile>
    <ClCompile Include="nvapi\NvApiHooks.cpp">
      <Filter>Source Files</Filter>
    </ClCompile>
    <ClCompile Include="inputs\FfxApi_Vk.cpp">
      <Filter>Source Files</Filter>
    </ClCompile>
    <ClCompile Include="inputs\FfxApiExe_Dx12.cpp">
      <Filter>Source Files</Filter>
    </ClCompile>
    <ClCompile Include="inputs\XeSS_Base.cpp">
      <Filter>Source Files</Filter>
    </ClCompile>
    <ClCompile Include="inputs\XeSS_Common.cpp">
      <Filter>Source Files</Filter>
    </ClCompile>
    <ClCompile Include="inputs\XeSS_Dbg.cpp">
      <Filter>Source Files</Filter>
    </ClCompile>
    <ClCompile Include="inputs\XeSS_Vulkan.cpp">
      <Filter>Source Files</Filter>
    </ClCompile>
    <ClCompile Include="upscalers\xess\XeSSFeature_Dx11on12.cpp">
      <Filter>Source Files</Filter>
    </ClCompile>
    <ClCompile Include="upscalers\xess\XeSSFeature_Vk.cpp">
      <Filter>Source Files</Filter>
    </ClCompile>
    <ClCompile Include="framegen\ffx\FSRFG_Dx12.cpp">
      <Filter>Source Files</Filter>
    </ClCompile>
    <ClCompile Include="framegen\IFGFeature.cpp">
      <Filter>Source Files</Filter>
    </ClCompile>
    <ClCompile Include="framegen\IFGFeature_Dx12.cpp">
      <Filter>Source Files</Filter>
    </ClCompile>
    <ClCompile Include="hudfix\Hudfix_Dx11.cpp">
      <Filter>Source Files</Filter>
    </ClCompile>
    <ClCompile Include="hudfix\Hudfix_Dx12.cpp">
      <Filter>Source Files</Filter>
    </ClCompile>
    <ClCompile Include="resource_tracking\ResTrack_dx11.cpp">
      <Filter>Source Files</Filter>
    </ClCompile>
    <ClCompile Include="resource_tracking\ResTrack_dx12.cpp">
      <Filter>Source Files</Filter>
    </ClCompile>
    <ClCompile Include="shaders\depth_transfer\DT_Dx11.cpp">
      <Filter>Source Files</Filter>
    </ClCompile>
    <ClCompile Include="shaders\resource_flip\RF_Dx12.cpp">
      <Filter>Source Files</Filter>
    </ClCompile>
    <ClCompile Include="include\imgui\imgui_impl_dx11.cpp">
      <Filter>Source Files</Filter>
    </ClCompile>
    <ClCompile Include="include\imgui\imgui_impl_dx12.cpp">
      <Filter>Source Files</Filter>
    </ClCompile>
    <ClCompile Include="include\imgui\imgui_impl_uwp.cpp">
      <Filter>Source Files</Filter>
    </ClCompile>
    <ClCompile Include="include\imgui\imgui_impl_vulkan.cpp">
      <Filter>Source Files</Filter>
    </ClCompile>
    <ClCompile Include="include\imgui\imgui_impl_win32.cpp">
      <Filter>Source Files</Filter>
    </ClCompile>
    <ClCompile Include="hooks\Streamline_Hooks.cpp">
      <Filter>Source Files</Filter>
    </ClCompile>
    <ClCompile Include="include\sl.param\parameters.cpp">
      <Filter>Source Files</Filter>
    </ClCompile>
    <ClCompile Include="inputs\FG\Streamline_Inputs_Dx12.cpp">
      <Filter>Source Files</Filter>
    </ClCompile>
    <ClCompile Include="framegen\xefg\XeFG_Dx12.cpp">
      <Filter>Source Files</Filter>
    </ClCompile>
    <ClCompile Include="shaders\hudless_compare\HC_Dx12.cpp">
      <Filter>Source Files</Filter>
    </ClCompile>
    <ClCompile Include="inputs\FG\FfxApi_Dx12_FG.cpp">
      <Filter>Source Files</Filter>
    </ClCompile>
    <ClCompile Include="fsr4\FSR4ModelSelection.cpp">
      <Filter>Source Files</Filter>
    </ClCompile>
    <ClCompile Include="inputs\FG\FSR3_Dx12_FG.cpp">
      <Filter>Source Files</Filter>
    </ClCompile>
    <ClCompile Include="inputs\FG\Upscaler_Inputs_Dx12.cpp">
      <Filter>Source Files</Filter>
    </ClCompile>
    <ClCompile Include="upscalers\FeatureProvider_Dx11.cpp">
      <Filter>Source Files</Filter>
    </ClCompile>
    <ClCompile Include="upscalers\FeatureProvider_Dx12.cpp">
      <Filter>Source Files</Filter>
    </ClCompile>
    <ClCompile Include="upscalers\FeatureProvider_Vk.cpp">
      <Filter>Source Files</Filter>
    </ClCompile>
    <ClCompile Include="wrapped\wrapped_factory.cpp">
      <Filter>Source Files</Filter>
    </ClCompile>
    <ClCompile Include="hooks\FG_Hooks.cpp">
      <Filter>Source Files</Filter>
    </ClCompile>
    <ClCompile Include="hooks\Dxgi_Hooks.cpp">
      <Filter>Source Files</Filter>
    </ClCompile>
    <ClCompile Include="spoofing\Dxgi_Spoofing.cpp">
      <Filter>Source Files</Filter>
    </ClCompile>
    <ClCompile Include="hooks\D3D12_Hooks.cpp">
      <Filter>Source Files</Filter>
    </ClCompile>
    <ClCompile Include="hooks\D3D11_Hooks.cpp">
      <Filter>Source Files</Filter>
    </ClCompile>
    <ClCompile Include="upscaler_time\UpscalerTime_Vk.cpp">
      <Filter>Source Files</Filter>
    </ClCompile>
    <ClCompile Include="hooks\DxgiFactory_WrappedCalls.cpp">
      <Filter>Source Files</Filter>
    </ClCompile>
    <ClCompile Include="hooks\DxgiFactory_Hooks.cpp">
      <Filter>Source Files</Filter>
    </ClCompile>
    <ClCompile Include="hooks\LibraryLoad_Hooks.cpp">
      <Filter>Source Files</Filter>
    </ClCompile>
    <ClCompile Include="spoofing\Vulkan_Spoofing.cpp">
      <Filter>Source Files</Filter>
    </ClCompile>
    <ClCompile Include="shaders\depth_invert\DI_Dx12.cpp">
      <Filter>Source Files</Filter>
    </ClCompile>
    <ClCompile Include="hooks\Kernel_Hooks.cpp">
      <Filter>Source Files</Filter>
    </ClCompile>
    <ClCompile Include="shaders\Shader_Dx12.cpp">
      <Filter>Source Files</Filter>
    </ClCompile>
    <ClCompile Include="inputs\FSR2_Dx11.cpp">
      <Filter>Source Files</Filter>
    </ClCompile>
    <ClCompile Include="inputs\FSR2_Vk.cpp">
      <Filter>Source Files</Filter>
    </ClCompile>
    <ClCompile Include="inputs\XeSS_Dx11.cpp">
      <Filter>Source Files</Filter>
    </ClCompile>
    <ClCompile Include="shaders\Shader_Vk.cpp">
      <Filter>Source Files</Filter>
    </ClCompile>
    <ClCompile Include="shaders\rcas\RCAS_Vk.cpp">
      <Filter>Source Files</Filter>
    </ClCompile>
    <ClCompile Include="shaders\output_scaling\OS_Vk.cpp">
      <Filter>Source Files</Filter>
    </ClCompile>
    <ClCompile Include="pch.cpp">
      <Filter>Source Files</Filter>
    </ClCompile>
    <ClCompile Include="upscalers\IFeature_VkwDx12.cpp">
      <Filter>Source Files</Filter>
    </ClCompile>
    <ClCompile Include="shaders\depth_transfer\DT_Vk.cpp">
      <Filter>Source Files</Filter>
    </ClCompile>
    <ClCompile Include="shaders\resource_copy\RC_Vk.cpp">
      <Filter>Source Files</Filter>
    </ClCompile>
    <ClCompile Include="upscalers\fsr2_212\FSR2Feature_VkOnDx12_212.cpp">
      <Filter>Source Files</Filter>
    </ClCompile>
    <ClCompile Include="hooks\VulkanwDx12_Hooks.cpp">
      <Filter>Source Files</Filter>
    </ClCompile>
    <ClCompile Include="shaders\hud_copy\HudCopy_Dx12.cpp">
      <Filter>Source Files</Filter>
    </ClCompile>
    <ClCompile Include="shaders\render_ui\RUI_Dx12.cpp">
      <Filter>Source Files</Filter>
    </ClCompile>
    <ClCompile Include="spoofing\User32_Spoofing.cpp">
      <Filter>Source Files</Filter>
    </ClCompile>
    <ClCompile Include="nvapi\fakenvapi\log.cpp">
      <Filter>Source Files</Filter>
    </ClCompile>
    <ClCompile Include="nvapi\fakenvapi\low_latency.cpp">
      <Filter>Source Files</Filter>
    </ClCompile>
    <ClCompile Include="nvapi\fakenvapi\low_latency_d3d.cpp">
      <Filter>Source Files</Filter>
    </ClCompile>
    <ClCompile Include="low_latency\low_latency_tech\ll_antilag2.cpp">
      <Filter>Source Files</Filter>
    </ClCompile>
    <ClCompile Include="low_latency\low_latency_tech\ll_antilag_vk.cpp">
      <Filter>Source Files</Filter>
    </ClCompile>
    <ClCompile Include="low_latency\low_latency_tech\ll_latencyflex.cpp">
      <Filter>Source Files</Filter>
    </ClCompile>
    <ClCompile Include="low_latency\low_latency_tech\ll_xell.cpp">
      <Filter>Source Files</Filter>
    </ClCompile>
    <ClCompile Include="nvapi\fakenvapi\low_latency_vk.cpp">
      <Filter>Source Files</Filter>
    </ClCompile>
    <ClCompile Include="nvapi\fakenvapi\nvapi_calls.cpp">
      <Filter>Source Files</Filter>
    </ClCompile>
    <ClCompile Include="low_latency\ll_util.cpp">
      <Filter>Source Files</Filter>
    </ClCompile>
    <ClCompile Include="hooks\Xell_Hooks.cpp">
      <Filter>Source Files</Filter>
    </ClCompile>
    <ClCompile Include="misc\IdentifyGpu.cpp">
      <Filter>Source Files</Filter>
    </ClCompile>
    <ClCompile Include="framegen\dlssg\MfgUnlock.cpp">
      <Filter>framegen</Filter>
    </ClCompile>
    <ClCompile Include="framegen\dlssg\Kcd2Hdr.cpp">
      <Filter>framegen</Filter>
    </ClCompile>
    <ClCompile Include="framegen\dlssg\DLSSG_Dx12.cpp">
      <Filter>Source Files</Filter>
    </ClCompile>
    <ClCompile Include="OptiTypes.cpp">
      <Filter>Source Files</Filter>
    </ClCompile>
    <ClCompile Include="framegen\nvngx\Nvngx_FG.cpp">
      <Filter>Source Files</Filter>
    </ClCompile>
    <ClCompile Include="NVNGX_Parameter.cpp">
      <Filter>Source Files</Filter>
    </ClCompile>
    <ClCompile Include="upscalers\ffx\FFXFeature_VkOn12.cpp">
      <Filter>Source Files</Filter>
    </ClCompile>
    <ClCompile Include="upscalers\ffx\FFXFeature.cpp">
      <Filter>Source Files</Filter>
    </ClCompile>
    <ClCompile Include="upscalers\ffx\FFXFeature_Dx11On12.cpp">
      <Filter>Source Files</Filter>
    </ClCompile>
    <ClCompile Include="upscalers\ffx\FFXFeature_Dx12.cpp">
      <Filter>Source Files</Filter>
    </ClCompile>
    <ClCompile Include="upscalers\ffx\FFXFeature_Vk.cpp">
      <Filter>Source Files</Filter>
    </ClCompile>
    <ClCompile Include="shaders\Shader_Common.cpp">
      <Filter>Source Files</Filter>
    </ClCompile>
    <ClCompile Include="shaders\hudless_compare_compute\HCC_Dx12.cpp">
      <Filter>Source Files</Filter>
    </ClCompile>
    <ClCompile Include="shaders\rcas\RCAS_Common.cpp">
      <Filter>Source Files</Filter>
    </ClCompile>
    <ClCompile Include="hooks\Amdxc64_Hooks.cpp">
      <Filter>Source Files</Filter>
    </ClCompile>
    <ClCompile Include="fsr4\FSR4Upgrade.cpp">
      <Filter>Source Files</Filter>
    </ClCompile>
    <ClCompile Include="low_latency\input\input_antilag2.cpp">
      <Filter>Source Files</Filter>
    </ClCompile>
    <ClCompile Include="low_latency\input\input_xell.cpp">
      <Filter>Source Files</Filter>
    </ClCompile>
    <ClCompile Include="low_latency\input\input_reflex.cpp">
      <Filter>Source Files</Filter>
    </ClCompile>
    <ClCompile Include="low_latency\input\input_common.cpp">
      <Filter>Source Files</Filter>
    </ClCompile>
    <ClCompile Include="menu\input\input_system.cpp">
      <Filter>Source Files</Filter>
    </ClCompile>
    <ClCompile Include="menu\input\input_system_cursor.cpp">
      <Filter>Source Files</Filter>
    </ClCompile>
    <ClCompile Include="menu\input\input_system_detours.cpp">
      <Filter>Source Files</Filter>
    </ClCompile>
    <ClCompile Include="menu\input\input_system_gameinput.cpp">
      <Filter>Source Files</Filter>
    </ClCompile>
    <ClCompile Include="menu\input\input_system_messages.cpp">
      <Filter>Source Files</Filter>
    </ClCompile>
    <ClCompile Include="menu\input\input_system_raw.cpp">
      <Filter>Source Files</Filter>
    </ClCompile>
    <ClCompile Include="menu\input\input_system_window.cpp">
      <Filter>Source Files</Filter>
    </ClCompile>
    <ClCompile Include="menu\input\input_system_windows_hooks.cpp">
      <Filter>Source Files</Filter>
    </ClCompile>
    <ClCompile Include="menu\input\input_system_directinput.cpp">
      <Filter>Source Files</Filter>
    </ClCompile>
    <ClCompile Include="menu\input\input_system_xinput.cpp">
      <Filter>Source Files</Filter>
    </ClCompile>
    <ClCompile Include="menu\input\input_system_hid.cpp">
      <Filter>Source Files</Filter>
    </ClCompile>
    <ClCompile Include="inputs\FG\Streamline_Inputs_Sl1_Dx12.cpp">
      <Filter>Source Files</Filter>
    </ClCompile>
    <ClCompile Include="include\device_info\device_info.cpp">
      <Filter>Source Files</Filter>
    </ClCompile>
    <ClCompile Include="low_latency\input\input_uell.cpp">
      <Filter>Source Files</Filter>
    </ClCompile>
    <ClCompile Include="with_dx12\dx11_with_dx12.cpp">
      <Filter>Source Files</Filter>
    </ClCompile>
    <ClCompile Include="with_dx12\with_dx12.cpp">
      <Filter>Source Files</Filter>
    </ClCompile>
    <ClCompile Include="with_dx12\dx11_with_dx12_sc.cpp">
      <Filter>Source Files</Filter>
    </ClCompile>
    <ClCompile Include="inputs\FG\Upscaler_Inputs_Dx11wDx12.cpp">
      <Filter>Source Files</Filter>
    </ClCompile>
    <ClCompile Include="low_latency\input\input_uell.cpp">
      <Filter>Source Files</Filter>
    </ClCompile>
    <ClCompile Include="with_dx12\dx11_with_dx12.cpp">
      <Filter>Source Files</Filter>
    </ClCompile>
    <ClCompile Include="with_dx12\with_dx12.cpp">
      <Filter>Source Files</Filter>
    </ClCompile>
    <ClCompile Include="shaders\magnifier\Magnifier_Dx12.cpp">
      <Filter>Source Files</Filter>
    </ClCompile>
    <ClCompile Include="shaders\magnifier\Magnifier_Common.cpp">
      <Filter>Source Files</Filter>
    </ClCompile>
    <ClCompile Include="framegen\nvngx\Nvngx_FFX.cpp">
      <Filter>Source Files</Filter>
    </ClCompile>
    <ClCompile Include="framegen\nvngx\Nvngx_Nukems.cpp">
      <Filter>Source Files</Filter>
    </ClCompile>
    <ClCompile Include="framegen\nvngx\Nvngx_DllProxy.cpp">
      <Filter>Source Files</Filter>
    </ClCompile>
    <ClCompile Include="framegen\nvngx\Nvngx_Arturs.cpp">
      <Filter>Source Files</Filter>
    </ClCompile>
    <ClCompile Include="framegen\nvngx\Nvngx_Combo.cpp">
      <Filter>Source Files</Filter>
    </ClCompile>
    <ClCompile Include="misc\SkipSpoof.cpp">
      <Filter>Source Files</Filter>
    </ClCompile>
    <ClCompile Include="shaders\Shader_Dx11.cpp">
      <Filter>Source Files</Filter>
    </ClCompile>
    <ClCompile Include="shaders\magnifier\Magnifier_Dx11.cpp">
      <Filter>Source Files</Filter>
    </ClCompile>
    <ClCompile Include="gpu_time\GpuTime_Dx12.cpp">
      <Filter>Source Files</Filter>
    </ClCompile>
    <ClCompile Include="gpu_time\GpuTime_Dx11.cpp">
      <Filter>Source Files</Filter>
    </ClCompile>
    <ClCompile Include="upscalers\IFeature_Vk.cpp">
      <Filter>Source Files</Filter>
    </ClCompile>
    <ClCompile Include="shaders\magnifier\Magnifier_Vk.cpp">
      <Filter>Source Files</Filter>
    </ClCompile>
    <ClCompile Include="framegen\reprojection\Reprojection_Dx12.cpp">
      <Filter>Source Files</Filter>
    </ClCompile>
    <ClCompile Include="framegen\reprojection\InputCollection.cpp">
      <Filter>Source Files</Filter>
    </ClCompile>
    <ClCompile Include="shaders\reproject\Reproject_Dx12.cpp">
      <Filter>Source Files</Filter>
    </ClCompile>
    <ClCompile Include="framegen\reprojection\RawInputHook.cpp">
      <Filter>Source Files</Filter>
    </ClCompile>
    <ClCompile Include="shaders\hud_copy\HudCopy_Vk.cpp">
      <Filter>Source Files</Filter>
    </ClCompile>
  </ItemGroup>
  <ItemGroup>
    <ResourceCompile Include="OptiScaler.rc" />
  </ItemGroup>
  <ItemGroup>
    <None Include="Source.def">
      <Filter>Source Files</Filter>
    </None>
    <None Include="shaders\magnifier\precompile\Magnifier_Shader_Vk.spv" />
  </ItemGroup>
  <ItemGroup>
    <ClInclude Include="dlssnr\DlssNr_Status.h">
      <Filter>Header Files</Filter>
    </ClInclude>
    <ClInclude Include="dlssnr\DlssNr_PipelineUi.h">
      <Filter>Header Files</Filter>
    </ClInclude>
    <ClInclude Include="dlssnr\DlssNr_Proxy.h">
      <Filter>Header Files</Filter>
    </ClInclude>
    <ClInclude Include="shaders\dlssnr\DlssNr_Dx12.h">
      <Filter>Header Files</Filter>
    </ClInclude>
    <ClInclude Include="shaders\dlssnr\DlssNr_Common.h">
      <Filter>Header Files</Filter>
    </ClInclude>
    <ClInclude Include="upscalers\ShaderPipeline_Dx12.h">
      <Filter>Header Files</Filter>
    </ClInclude>
    <ClCompile Include="dlssnr\DlssNr_Status.cpp">
      <Filter>Source Files</Filter>
    </ClCompile>
  </ItemGroup>
  <ItemGroup>
    <ClInclude Include="upscalers\ShaderPipeline_Vk.h">
      <Filter>Header Files</Filter>
    </ClInclude>
    <ClInclude Include="dlssnr\DlssNrPipeline_Vk.h">
      <Filter>Header Files</Filter>
    </ClInclude>
  </ItemGroup>
  <ItemGroup>
    <ClCompile Include="dlssnr\DlssNrFinished_Vk.cpp"><Filter>Source Files</Filter></ClCompile>
    <ClInclude Include="dlssnr\DlssNrFinished_Vk.h"><Filter>Header Files</Filter></ClInclude>
  </ItemGroup>
  <ItemGroup>
    <ClInclude Include="dlssnr\DlssNr.h"><Filter>Header Files</Filter></ClInclude>
    <ClInclude Include="dlssnr\DlssNr_Readback.h"><Filter>Header Files</Filter></ClInclude>
    <ClInclude Include="dlssnr\DlssNr_Image_Vk.h"><Filter>Header Files</Filter></ClInclude>
    <ClInclude Include="dlssnr\DlssNr_Capture.h"><Filter>Header Files</Filter></ClInclude>
    <ClInclude Include="dlssnr\DlssNr_PipelineCapture.h"><Filter>Header Files</Filter></ClInclude>
    <ClCompile Include="dlssnr\DlssNr_GpuLifetime.cpp"><Filter>Source Files</Filter></ClCompile>
    <ClInclude Include="dlssnr\DlssNr_GpuLifetime.h"><Filter>Header Files</Filter></ClInclude>
    <ClInclude Include="dlssnr\DlssNr_HoldParameters_Dx12.h"><Filter>Header Files</Filter></ClInclude>
    <ClCompile Include="dlssnr\DlssNr_Menu.cpp"><Filter>Source Files</Filter></ClCompile>
    <ClCompile Include="dlssnr\DlssNr_MenuControls.cpp"><Filter>Source Files</Filter></ClCompile>
    <ClCompile Include="dlssnr\DlssNr_MenuOverlay.cpp"><Filter>Source Files</Filter></ClCompile>
    <ClInclude Include="dlssnr\DlssNr_MenuOverlay.h"><Filter>Header Files</Filter></ClInclude>
    <ClInclude Include="dlssnr\DlssNr_MenuSections.h"><Filter>Header Files</Filter></ClInclude>
    <ClCompile Include="dlssnr\DlssNr_Pipeline_Dx12.cpp"><Filter>Source Files</Filter></ClCompile>
    <ClInclude Include="dlssnr\DlssNr_Pipeline_Dx12.h"><Filter>Header Files</Filter></ClInclude>
    <ClCompile Include="dlssnr\DlssNr_Proxy.cpp"><Filter>Source Files</Filter></ClCompile>
    <ClInclude Include="dlssnr\DlssNr_Upscaler.h"><Filter>Header Files</Filter></ClInclude>
    <ClInclude Include="dlssnr\DlssNr_VkExtensions.h"><Filter>Header Files</Filter></ClInclude>
    <ClInclude Include="dlssnr\DlssNrFeature_Dx12.h"><Filter>Header Files</Filter></ClInclude>
    <ClCompile Include="dlssnr\DlssNrFeature_Vk.cpp"><Filter>Source Files</Filter></ClCompile>
    <ClInclude Include="dlssnr\DlssNrFeature_Vk.h"><Filter>Header Files</Filter></ClInclude>
    <ClInclude Include="dlssnr\DlssNrFeature_Vk_Internal.h"><Filter>Header Files</Filter></ClInclude>
    <ClCompile Include="dlssnr\DlssNrFeature_Vk_Model.cpp"><Filter>Source Files</Filter></ClCompile>
    <ClInclude Include="dlssnr\PassProfiles.h"><Filter>Header Files</Filter></ClInclude>
    <ClInclude Include="dlssnr\DlssNr_ModelParameters.h"><Filter>Header Files</Filter></ClInclude>
    <ClInclude Include="shaders\dlssnr\DlssNr_ActiveColor.h"><Filter>Header Files</Filter></ClInclude>
    <ClCompile Include="shaders\dlssnr\DlssNr_Dx12.cpp"><Filter>Source Files</Filter></ClCompile>
    <ClInclude Include="shaders\dlssnr\DlssNr_GpuTime.h"><Filter>Header Files</Filter></ClInclude>
    <ClInclude Include="shaders\dlssnr\DlssNr_Guides.h"><Filter>Header Files</Filter></ClInclude>
    <ClInclude Include="shaders\dlssnr\DlssNr_SeamClock.h"><Filter>Header Files</Filter></ClInclude>
    <ClCompile Include="shaders\dlssnr\DlssNr_Upscaler_Dx12.cpp"><Filter>Source Files</Filter></ClCompile>
    <ClInclude Include="shaders\dlssnr\DlssNr_Upscaler_Dx12.h"><Filter>Header Files</Filter></ClInclude>
    <ClCompile Include="shaders\dlssnr\DlssNr_Vk.cpp"><Filter>Source Files</Filter></ClCompile>
    <ClInclude Include="shaders\dlssnr\DlssNr_Vk.h"><Filter>Header Files</Filter></ClInclude>
  </ItemGroup>
  <ItemGroup>
    <ClCompile Include="shaders\dlssnr\DlssNr_Dx12_DeferredSr.cpp"><Filter>Source Files</Filter></ClCompile>
    <ClCompile Include="shaders\dlssnr\DlssNr_Dx12_Enlarge.cpp"><Filter>Source Files</Filter></ClCompile>
    <ClCompile Include="shaders\dlssnr\DlssNr_Dx12_FinishedCompose.cpp"><Filter>Source Files</Filter></ClCompile>
    <ClCompile Include="shaders\dlssnr\DlssNr_Dx12_FinishedQueue.cpp"><Filter>Source Files</Filter></ClCompile>
    <ClCompile Include="shaders\dlssnr\DlssNr_Dx12_Hold.cpp"><Filter>Source Files</Filter></ClCompile>
    <ClCompile Include="shaders\dlssnr\DlssNr_Dx12_Late.cpp"><Filter>Source Files</Filter></ClCompile>
    <ClCompile Include="shaders\dlssnr\DlssNr_Dx12_Resources.cpp"><Filter>Source Files</Filter></ClCompile>
    <ClCompile Include="shaders\dlssnr\DlssNr_Dx12_Run.cpp"><Filter>Source Files</Filter></ClCompile>
    <ClInclude Include="shaders\dlssnr\DlssNr_Dx12_State.h"><Filter>Header Files</Filter></ClInclude>
    <ClCompile Include="shaders\dlssnr\DlssNr_Dx12_Status.cpp"><Filter>Source Files</Filter></ClCompile>
  </ItemGroup>
  <ItemGroup>
    <ClCompile Include="shaders\dlssnr\DlssNr_Dx12_Models.cpp"><Filter>Source Files</Filter></ClCompile>
  </ItemGroup>
  <ItemGroup>
  </ItemGroup>
  <ItemGroup>
    <ClInclude Include="dlssnr\DlssNr_Placement.h"><Filter>Header Files</Filter></ClInclude>
    <ClInclude Include="dlssnr\DlssNr_FinishedReady.h"><Filter>Header Files</Filter></ClInclude>
    <ClInclude Include="dlssnr\DlssNr_StreamlinePicture.h"><Filter>Header Files</Filter></ClInclude>
    <ClCompile Include="dlssnr\DlssNr_StreamlinePicture.cpp"><Filter>Source Files</Filter></ClCompile>
  </ItemGroup>
  <ItemGroup>
    <ClCompile Include="dlssnr\DlssNr_CompatibilityRuntime.cpp"><Filter>Source Files</Filter></ClCompile>
    <ClCompile Include="dlssnr\DlssNr_CompatibilityRuntimePaths.cpp"><Filter>Source Files</Filter></ClCompile>
    <ClInclude Include="dlssnr\DlssNr_CompatibilityRuntime.h"><Filter>Header Files</Filter></ClInclude>
    <ClInclude Include="dlssnr\DlssNr_RuntimeImports.h"><Filter>Header Files</Filter></ClInclude>
  </ItemGroup>
  <ItemGroup>
    <ClCompile Include="dlssnr\DlssNrFeature_Vk_Resources.cpp"><Filter>Source Files</Filter></ClCompile>
    <ClInclude Include="shaders\dlssnr\DlssNr_ResidualPair.h"><Filter>Header Files</Filter></ClInclude>
    <ClCompile Include="shaders\dlssnr\DlssNr_Dx12_Evaluate.cpp"><Filter>Source Files</Filter></ClCompile>
    <ClCompile Include="shaders\dlssnr\DlssNr_Dx12_Encode.cpp"><Filter>Source Files</Filter></ClCompile>
    <ClInclude Include="shaders\dlssnr\DlssNr_Dx12_ModelState.h"><Filter>Header Files</Filter></ClInclude>
    <ClCompile Include="dlssnr\DlssNr_NgxDiagnostics.cpp"><Filter>Source Files</Filter></ClCompile>
    <ClInclude Include="dlssnr\DlssNr_NgxDiagnostics.h"><Filter>Header Files</Filter></ClInclude>
  </ItemGroup>
</Project>
